
Microsoft Visual Studio Solution File, Format Version 12.00
# Visual Studio Version 17
VisualStudioVersion = 17.9.34728.123
MinimumVisualStudioVersion = 10.0.40219.1
Project("{FAE04EC0-301F-11D3-BF4B-00C04F79EFBC}") = "Agenda_Telefone", "Agenda_Telefone\Agenda_Telefone.csproj", "{C49704D4-3B6F-4605-B01B-872323FEDD46}"
EndProject
Global
	GlobalSection(SolutionConfigurationPlatforms) = preSolution
		Debug|Any CPU = Debug|Any CPU
		Release|Any CPU = Release|Any CPU
	EndGlobalSection
	GlobalSection(ProjectConfigurationPlatforms) = postSolution
		{C49704D4-3B6F-4605-B01B-872323FEDD46}.Debug|Any CPU.ActiveCfg = Debug|Any CPU
		{C49704D4-3B6F-4605-B01B-872323FEDD46}.Debug|Any CPU.Build.0 = Debug|Any CPU
		{C49704D4-3B6F-4605-B01B-872323FEDD46}.Release|Any CPU.ActiveCfg = Release|Any CPU
		{C49704D4-3B6F-4605-B01B-872323FEDD46}.Release|Any CPU.Build.0 = Release|Any CPU
	EndGlobalSection
	GlobalSection(SolutionProperties) = preSolution
		HideSolutionNode = FALSE
	EndGlobalSection
	GlobalSection(ExtensibilityGlobals) = postSolution
		SolutionGuid = {64B75D33-7266-4298-88EC-6CB3B1704B00}
	EndGlobalSection
EndGlobal
